
Microsoft Visual Studio Solution File, Format Version 12.00
# Visual Studio Version 17
VisualStudioVersion = 17.4.33205.214
MinimumVisualStudioVersion = 10.0.40219.1
Project("{9A19103F-16F7-4668-BE54-9A1E7A4F7556}") = "GitHubForks", "GitHubForks\GitHubForks.csproj", "{6E2FC6A5-A686-4F69-AD8D-71C230438B14}"
EndProject
Global
	GlobalSection(SolutionConfigurationPlatforms) = preSolution
		Debug|Any CPU = Debug|Any CPU
		Release|Any CPU = Release|Any CPU
	EndGlobalSection
	GlobalSection(ProjectConfigurationPlatforms) = postSolution
		{6E2FC6A5-A686-4F69-AD8D-71C230438B14}.Debug|Any CPU.ActiveCfg = Debug|Any CPU
		{6E2FC6A5-A686-4F69-AD8D-71C230438B14}.Debug|Any CPU.Build.0 = Debug|Any CPU
		{6E2FC6A5-A686-4F69-AD8D-71C230438B14}.Release|Any CPU.ActiveCfg = Release|Any CPU
		{6E2FC6A5-A686-4F69-AD8D-71C230438B14}.Release|Any CPU.Build.0 = Release|Any CPU
	EndGlobalSection
	GlobalSection(SolutionProperties) = preSolution
		HideSolutionNode = FALSE
	EndGlobalSection
	GlobalSection(ExtensibilityGlobals) = postSolution
		SolutionGuid = {6B54B068-9502-40BD-A7C9-EFA58A1BB951}
	EndGlobalSection
EndGlobal
